
Microsoft Visual Studio Solution File, Format Version 12.00
# Visual Studio 15
VisualStudioVersion = 15.0.26730.12
MinimumVisualStudioVersion = 10.0.40219.1
Project("{FAE04EC0-301F-11D3-BF4B-00C04F79EFBC}") = "Tinkoff.Xamarin.Android", "Tinkoff.Xamarin\Tinkoff.Xamarin.Android\Tinkoff.Xamarin.Android.csproj", "{4B40296D-513F-4358-A0AD-90C7FE2A1998}"
EndProject
Project("{FAE04EC0-301F-11D3-BF4B-00C04F79EFBC}") = "Tinkoff.Xamarin", "Tinkoff.Xamarin\Tinkoff.Xamarin\Tinkoff.Xamarin.csproj", "{F3794E60-7217-4A45-BB8C-3DEE63958803}"
EndProject
Project("{FAE04EC0-301F-11D3-BF4B-00C04F79EFBC}") = "Tinkoff.Xamarin.iOS", "Tinkoff.Xamarin\Tinkoff.Xamarin.iOS\Tinkoff.Xamarin.iOS.csproj", "{24672873-6AF3-44D5-B3AF-F88CE810BCF1}"
EndProject
Project("{FAE04EC0-301F-11D3-BF4B-00C04F79EFBC}") = "Gson", "Gson\Gson.csproj", "{A82F6032-8CB8-45E0-8476-BB23862A3590}"
EndProject
Project("{FAE04EC0-301F-11D3-BF4B-00C04F79EFBC}") = "Tinkoff.CoreLog", "Tinkoff.CoreLog\Tinkoff.CoreLog.csproj", "{9BC09347-C1B1-4E2F-A30D-30A51A1E8343}"
EndProject
Project("{FAE04EC0-301F-11D3-BF4B-00C04F79EFBC}") = "Tinkoff.CoreLogAndroid", "Tinkoff.CoreLogAndroid\Tinkoff.CoreLogAndroid.csproj", "{90811C13-735B-4009-819F-8BC0EC04B103}"
EndProject
Project("{FAE04EC0-301F-11D3-BF4B-00C04F79EFBC}") = "Tinkoff.CoreNFC", "Tinkoff.CoreNFC\Tinkoff.CoreNFC.csproj", "{97E1BF7B-E730-41F8-AAE5-C13EB1F26808}"
EndProject
Project("{FAE04EC0-301F-11D3-BF4B-00C04F79EFBC}") = "Tinkoff.Core", "Tinkoff.Core\Tinkoff.Core.csproj", "{176175FA-5655-4571-99B7-A9FE5E9CF5E7}"
EndProject
Project("{FAE04EC0-301F-11D3-BF4B-00C04F79EFBC}") = "Tinkoff.UI", "Tinkoff.UI\Tinkoff.UI.csproj", "{489D81C4-462C-429F-A2C3-F5DC811A53B4}"
EndProject
Global
	GlobalSection(SolutionConfigurationPlatforms) = preSolution
		Ad-Hoc|Any CPU = Ad-Hoc|Any CPU
		Ad-Hoc|iPhone = Ad-Hoc|iPhone
		Ad-Hoc|iPhoneSimulator = Ad-Hoc|iPhoneSimulator
		AppStore|Any CPU = AppStore|Any CPU
		AppStore|iPhone = AppStore|iPhone
		AppStore|iPhoneSimulator = AppStore|iPhoneSimulator
		Debug|Any CPU = Debug|Any CPU
		Debug|iPhone = Debug|iPhone
		Debug|iPhoneSimulator = Debug|iPhoneSimulator
		Release|Any CPU = Release|Any CPU
		Release|iPhone = Release|iPhone
		Release|iPhoneSimulator = Release|iPhoneSimulator
	EndGlobalSection
	GlobalSection(ProjectConfigurationPlatforms) = postSolution
		{4B40296D-513F-4358-A0AD-90C7FE2A1998}.Ad-Hoc|Any CPU.ActiveCfg = Release|Any CPU
		{4B40296D-513F-4358-A0AD-90C7FE2A1998}.Ad-Hoc|Any CPU.Build.0 = Release|Any CPU
		{4B40296D-513F-4358-A0AD-90C7FE2A1998}.Ad-Hoc|Any CPU.Deploy.0 = Release|Any CPU
		{4B40296D-513F-4358-A0AD-90C7FE2A1998}.Ad-Hoc|iPhone.ActiveCfg = Release|Any CPU
		{4B40296D-513F-4358-A0AD-90C7FE2A1998}.Ad-Hoc|iPhone.Build.0 = Release|Any CPU
		{4B40296D-513F-4358-A0AD-90C7FE2A1998}.Ad-Hoc|iPhone.Deploy.0 = Release|Any CPU
		{4B40296D-513F-4358-A0AD-90C7FE2A1998}.Ad-Hoc|iPhoneSimulator.ActiveCfg = Release|Any CPU
		{4B40296D-513F-4358-A0AD-90C7FE2A1998}.Ad-Hoc|iPhoneSimulator.Build.0 = Release|Any CPU
		{4B40296D-513F-4358-A0AD-90C7FE2A1998}.Ad-Hoc|iPhoneSimulator.Deploy.0 = Release|Any CPU
		{4B40296D-513F-4358-A0AD-90C7FE2A1998}.AppStore|Any CPU.ActiveCfg = Release|Any CPU
		{4B40296D-513F-4358-A0AD-90C7FE2A1998}.AppStore|Any CPU.Build.0 = Release|Any CPU
		{4B40296D-513F-4358-A0AD-90C7FE2A1998}.AppStore|Any CPU.Deploy.0 = Release|Any CPU
		{4B40296D-513F-4358-A0AD-90C7FE2A1998}.AppStore|iPhone.ActiveCfg = Release|Any CPU
		{4B40296D-513F-4358-A0AD-90C7FE2A1998}.AppStore|iPhone.Build.0 = Release|Any CPU
		{4B40296D-513F-4358-A0AD-90C7FE2A1998}.AppStore|iPhone.Deploy.0 = Release|Any CPU
		{4B40296D-513F-4358-A0AD-90C7FE2A1998}.AppStore|iPhoneSimulator.ActiveCfg = Release|Any CPU
		{4B40296D-513F-4358-A0AD-90C7FE2A1998}.AppStore|iPhoneSimulator.Build.0 = Release|Any CPU
		{4B40296D-513F-4358-A0AD-90C7FE2A1998}.AppStore|iPhoneSimulator.Deploy.0 = Release|Any CPU
		{4B40296D-513F-4358-A0AD-90C7FE2A1998}.Debug|Any CPU.ActiveCfg = Debug|Any CPU
		{4B40296D-513F-4358-A0AD-90C7FE2A1998}.Debug|Any CPU.Build.0 = Debug|Any CPU
		{4B40296D-513F-4358-A0AD-90C7FE2A1998}.Debug|Any CPU.Deploy.0 = Debug|Any CPU
		{4B40296D-513F-4358-A0AD-90C7FE2A1998}.Debug|iPhone.ActiveCfg = Debug|Any CPU
		{4B40296D-513F-4358-A0AD-90C7FE2A1998}.Debug|iPhone.Build.0 = Debug|Any CPU
		{4B40296D-513F-4358-A0AD-90C7FE2A1998}.Debug|iPhone.Deploy.0 = Debug|Any CPU
		{4B40296D-513F-4358-A0AD-90C7FE2A1998}.Debug|iPhoneSimulator.ActiveCfg = Debug|Any CPU
		{4B40296D-513F-4358-A0AD-90C7FE2A1998}.Debug|iPhoneSimulator.Build.0 = Debug|Any CPU
		{4B40296D-513F-4358-A0AD-90C7FE2A1998}.Debug|iPhoneSimulator.Deploy.0 = Debug|Any CPU
		{4B40296D-513F-4358-A0AD-90C7FE2A1998}.Release|Any CPU.ActiveCfg = Release|Any CPU
		{4B40296D-513F-4358-A0AD-90C7FE2A1998}.Release|Any CPU.Build.0 = Release|Any CPU
		{4B40296D-513F-4358-A0AD-90C7FE2A1998}.Release|Any CPU.Deploy.0 = Release|Any CPU
		{4B40296D-513F-4358-A0AD-90C7FE2A1998}.Release|iPhone.ActiveCfg = Release|Any CPU
		{4B40296D-513F-4358-A0AD-90C7FE2A1998}.Release|iPhone.Build.0 = Release|Any CPU
		{4B40296D-513F-4358-A0AD-90C7FE2A1998}.Release|iPhone.Deploy.0 = Release|Any CPU
		{4B40296D-513F-4358-A0AD-90C7FE2A1998}.Release|iPhoneSimulator.ActiveCfg = Release|Any CPU
		{4B40296D-513F-4358-A0AD-90C7FE2A1998}.Release|iPhoneSimulator.Build.0 = Release|Any CPU
		{4B40296D-513F-4358-A0AD-90C7FE2A1998}.Release|iPhoneSimulator.Deploy.0 = Release|Any CPU
		{F3794E60-7217-4A45-BB8C-3DEE63958803}.Ad-Hoc|Any CPU.ActiveCfg = Release|Any CPU
		{F3794E60-7217-4A45-BB8C-3DEE63958803}.Ad-Hoc|Any CPU.Build.0 = Release|Any CPU
		{F3794E60-7217-4A45-BB8C-3DEE63958803}.Ad-Hoc|iPhone.ActiveCfg = Release|Any CPU
		{F3794E60-7217-4A45-BB8C-3DEE63958803}.Ad-Hoc|iPhone.Build.0 = Release|Any CPU
		{F3794E60-7217-4A45-BB8C-3DEE63958803}.Ad-Hoc|iPhoneSimulator.ActiveCfg = Release|Any CPU
		{F3794E60-7217-4A45-BB8C-3DEE63958803}.Ad-Hoc|iPhoneSimulator.Build.0 = Release|Any CPU
		{F3794E60-7217-4A45-BB8C-3DEE63958803}.AppStore|Any CPU.ActiveCfg = Release|Any CPU
		{F3794E60-7217-4A45-BB8C-3DEE63958803}.AppStore|Any CPU.Build.0 = Release|Any CPU
		{F3794E60-7217-4A45-BB8C-3DEE63958803}.AppStore|iPhone.ActiveCfg = Release|Any CPU
		{F3794E60-7217-4A45-BB8C-3DEE63958803}.AppStore|iPhone.Build.0 = Release|Any CPU
		{F3794E60-7217-4A45-BB8C-3DEE63958803}.AppStore|iPhoneSimulator.ActiveCfg = Release|Any CPU
		{F3794E60-7217-4A45-BB8C-3DEE63958803}.AppStore|iPhoneSimulator.Build.0 = Release|Any CPU
		{F3794E60-7217-4A45-BB8C-3DEE63958803}.Debug|Any CPU.ActiveCfg = Debug|Any CPU
		{F3794E60-7217-4A45-BB8C-3DEE63958803}.Debug|Any CPU.Build.0 = Debug|Any CPU
		{F3794E60-7217-4A45-BB8C-3DEE63958803}.Debug|iPhone.ActiveCfg = Debug|Any CPU
		{F3794E60-7217-4A45-BB8C-3DEE63958803}.Debug|iPhone.Build.0 = Debug|Any CPU
		{F3794E60-7217-4A45-BB8C-3DEE63958803}.Debug|iPhoneSimulator.ActiveCfg = Debug|Any CPU
		{F3794E60-7217-4A45-BB8C-3DEE63958803}.Debug|iPhoneSimulator.Build.0 = Debug|Any CPU
		{F3794E60-7217-4A45-BB8C-3DEE63958803}.Release|Any CPU.ActiveCfg = Release|Any CPU
		{F3794E60-7217-4A45-BB8C-3DEE63958803}.Release|Any CPU.Build.0 = Release|Any CPU
		{F3794E60-7217-4A45-BB8C-3DEE63958803}.Release|iPhone.ActiveCfg = Release|Any CPU
		{F3794E60-7217-4A45-BB8C-3DEE63958803}.Release|iPhone.Build.0 = Release|Any CPU
		{F3794E60-7217-4A45-BB8C-3DEE63958803}.Release|iPhoneSimulator.ActiveCfg = Release|Any CPU
		{F3794E60-7217-4A45-BB8C-3DEE63958803}.Release|iPhoneSimulator.Build.0 = Release|Any CPU
		{24672873-6AF3-44D5-B3AF-F88CE810BCF1}.Ad-Hoc|Any CPU.ActiveCfg = Ad-Hoc|iPhone
		{24672873-6AF3-44D5-B3AF-F88CE810BCF1}.Ad-Hoc|iPhone.ActiveCfg = Ad-Hoc|iPhone
		{24672873-6AF3-44D5-B3AF-F88CE810BCF1}.Ad-Hoc|iPhone.Build.0 = Ad-Hoc|iPhone
		{24672873-6AF3-44D5-B3AF-F88CE810BCF1}.Ad-Hoc|iPhoneSimulator.ActiveCfg = Ad-Hoc|iPhoneSimulator
		{24672873-6AF3-44D5-B3AF-F88CE810BCF1}.Ad-Hoc|iPhoneSimulator.Build.0 = Ad-Hoc|iPhoneSimulator
		{24672873-6AF3-44D5-B3AF-F88CE810BCF1}.AppStore|Any CPU.ActiveCfg = AppStore|iPhone
		{24672873-6AF3-44D5-B3AF-F88CE810BCF1}.AppStore|iPhone.ActiveCfg = AppStore|iPhone
		{24672873-6AF3-44D5-B3AF-F88CE810BCF1}.AppStore|iPhone.Build.0 = AppStore|iPhone
		{24672873-6AF3-44D5-B3AF-F88CE810BCF1}.AppStore|iPhoneSimulator.ActiveCfg = AppStore|iPhoneSimulator
		{24672873-6AF3-44D5-B3AF-F88CE810BCF1}.AppStore|iPhoneSimulator.Build.0 = AppStore|iPhoneSimulator
		{24672873-6AF3-44D5-B3AF-F88CE810BCF1}.Debug|Any CPU.ActiveCfg = Debug|iPhone
		{24672873-6AF3-44D5-B3AF-F88CE810BCF1}.Debug|iPhone.ActiveCfg = Debug|iPhone
		{24672873-6AF3-44D5-B3AF-F88CE810BCF1}.Debug|iPhone.Build.0 = Debug|iPhone
		{24672873-6AF3-44D5-B3AF-F88CE810BCF1}.Debug|iPhoneSimulator.ActiveCfg = Debug|iPhoneSimulator
		{24672873-6AF3-44D5-B3AF-F88CE810BCF1}.Debug|iPhoneSimulator.Build.0 = Debug|iPhoneSimulator
		{24672873-6AF3-44D5-B3AF-F88CE810BCF1}.Release|Any CPU.ActiveCfg = Release|iPhone
		{24672873-6AF3-44D5-B3AF-F88CE810BCF1}.Release|iPhone.ActiveCfg = Release|iPhone
		{24672873-6AF3-44D5-B3AF-F88CE810BCF1}.Release|iPhone.Build.0 = Release|iPhone
		{24672873-6AF3-44D5-B3AF-F88CE810BCF1}.Release|iPhoneSimulator.ActiveCfg = Release|iPhoneSimulator
		{24672873-6AF3-44D5-B3AF-F88CE810BCF1}.Release|iPhoneSimulator.Build.0 = Release|iPhoneSimulator
		{A82F6032-8CB8-45E0-8476-BB23862A3590}.Ad-Hoc|Any CPU.ActiveCfg = Release|Any CPU
		{A82F6032-8CB8-45E0-8476-BB23862A3590}.Ad-Hoc|Any CPU.Build.0 = Release|Any CPU
		{A82F6032-8CB8-45E0-8476-BB23862A3590}.Ad-Hoc|iPhone.ActiveCfg = Release|Any CPU
		{A82F6032-8CB8-45E0-8476-BB23862A3590}.Ad-Hoc|iPhone.Build.0 = Release|Any CPU
		{A82F6032-8CB8-45E0-8476-BB23862A3590}.Ad-Hoc|iPhoneSimulator.ActiveCfg = Release|Any CPU
		{A82F6032-8CB8-45E0-8476-BB23862A3590}.Ad-Hoc|iPhoneSimulator.Build.0 = Release|Any CPU
		{A82F6032-8CB8-45E0-8476-BB23862A3590}.AppStore|Any CPU.ActiveCfg = Release|Any CPU
		{A82F6032-8CB8-45E0-8476-BB23862A3590}.AppStore|Any CPU.Build.0 = Release|Any CPU
		{A82F6032-8CB8-45E0-8476-BB23862A3590}.AppStore|iPhone.ActiveCfg = Release|Any CPU
		{A82F6032-8CB8-45E0-8476-BB23862A3590}.AppStore|iPhone.Build.0 = Release|Any CPU
		{A82F6032-8CB8-45E0-8476-BB23862A3590}.AppStore|iPhoneSimulator.ActiveCfg = Release|Any CPU
		{A82F6032-8CB8-45E0-8476-BB23862A3590}.AppStore|iPhoneSimulator.Build.0 = Release|Any CPU
		{A82F6032-8CB8-45E0-8476-BB23862A3590}.Debug|Any CPU.ActiveCfg = Debug|Any CPU
		{A82F6032-8CB8-45E0-8476-BB23862A3590}.Debug|Any CPU.Build.0 = Debug|Any CPU
		{A82F6032-8CB8-45E0-8476-BB23862A3590}.Debug|iPhone.ActiveCfg = Debug|Any CPU
		{A82F6032-8CB8-45E0-8476-BB23862A3590}.Debug|iPhone.Build.0 = Debug|Any CPU
		{A82F6032-8CB8-45E0-8476-BB23862A3590}.Debug|iPhoneSimulator.ActiveCfg = Debug|Any CPU
		{A82F6032-8CB8-45E0-8476-BB23862A3590}.Debug|iPhoneSimulator.Build.0 = Debug|Any CPU
		{A82F6032-8CB8-45E0-8476-BB23862A3590}.Release|Any CPU.ActiveCfg = Release|Any CPU
		{A82F6032-8CB8-45E0-8476-BB23862A3590}.Release|Any CPU.Build.0 = Release|Any CPU
		{A82F6032-8CB8-45E0-8476-BB23862A3590}.Release|iPhone.ActiveCfg = Release|Any CPU
		{A82F6032-8CB8-45E0-8476-BB23862A3590}.Release|iPhone.Build.0 = Release|Any CPU
		{A82F6032-8CB8-45E0-8476-BB23862A3590}.Release|iPhoneSimulator.ActiveCfg = Release|Any CPU
		{A82F6032-8CB8-45E0-8476-BB23862A3590}.Release|iPhoneSimulator.Build.0 = Release|Any CPU
		{9BC09347-C1B1-4E2F-A30D-30A51A1E8343}.Ad-Hoc|Any CPU.ActiveCfg = Release|Any CPU
		{9BC09347-C1B1-4E2F-A30D-30A51A1E8343}.Ad-Hoc|Any CPU.Build.0 = Release|Any CPU
		{9BC09347-C1B1-4E2F-A30D-30A51A1E8343}.Ad-Hoc|iPhone.ActiveCfg = Release|Any CPU
		{9BC09347-C1B1-4E2F-A30D-30A51A1E8343}.Ad-Hoc|iPhone.Build.0 = Release|Any CPU
		{9BC09347-C1B1-4E2F-A30D-30A51A1E8343}.Ad-Hoc|iPhoneSimulator.ActiveCfg = Release|Any CPU
		{9BC09347-C1B1-4E2F-A30D-30A51A1E8343}.Ad-Hoc|iPhoneSimulator.Build.0 = Release|Any CPU
		{9BC09347-C1B1-4E2F-A30D-30A51A1E8343}.AppStore|Any CPU.ActiveCfg = Release|Any CPU
		{9BC09347-C1B1-4E2F-A30D-30A51A1E8343}.AppStore|Any CPU.Build.0 = Release|Any CPU
		{9BC09347-C1B1-4E2F-A30D-30A51A1E8343}.AppStore|iPhone.ActiveCfg = Release|Any CPU
		{9BC09347-C1B1-4E2F-A30D-30A51A1E8343}.AppStore|iPhone.Build.0 = Release|Any CPU
		{9BC09347-C1B1-4E2F-A30D-30A51A1E8343}.AppStore|iPhoneSimulator.ActiveCfg = Release|Any CPU
		{9BC09347-C1B1-4E2F-A30D-30A51A1E8343}.AppStore|iPhoneSimulator.Build.0 = Release|Any CPU
		{9BC09347-C1B1-4E2F-A30D-30A51A1E8343}.Debug|Any CPU.ActiveCfg = Debug|Any CPU
		{9BC09347-C1B1-4E2F-A30D-30A51A1E8343}.Debug|Any CPU.Build.0 = Debug|Any CPU
		{9BC09347-C1B1-4E2F-A30D-30A51A1E8343}.Debug|iPhone.ActiveCfg = Debug|Any CPU
		{9BC09347-C1B1-4E2F-A30D-30A51A1E8343}.Debug|iPhone.Build.0 = Debug|Any CPU
		{9BC09347-C1B1-4E2F-A30D-30A51A1E8343}.Debug|iPhoneSimulator.ActiveCfg = Debug|Any CPU
		{9BC09347-C1B1-4E2F-A30D-30A51A1E8343}.Debug|iPhoneSimulator.Build.0 = Debug|Any CPU
		{9BC09347-C1B1-4E2F-A30D-30A51A1E8343}.Release|Any CPU.ActiveCfg = Release|Any CPU
		{9BC09347-C1B1-4E2F-A30D-30A51A1E8343}.Release|Any CPU.Build.0 = Release|Any CPU
		{9BC09347-C1B1-4E2F-A30D-30A51A1E8343}.Release|iPhone.ActiveCfg = Release|Any CPU
		{9BC09347-C1B1-4E2F-A30D-30A51A1E8343}.Release|iPhone.Build.0 = Release|Any CPU
		{9BC09347-C1B1-4E2F-A30D-30A51A1E8343}.Release|iPhoneSimulator.ActiveCfg = Release|Any CPU
		{9BC09347-C1B1-4E2F-A30D-30A51A1E8343}.Release|iPhoneSimulator.Build.0 = Release|Any CPU
		{90811C13-735B-4009-819F-8BC0EC04B103}.Ad-Hoc|Any CPU.ActiveCfg = Release|Any CPU
		{90811C13-735B-4009-819F-8BC0EC04B103}.Ad-Hoc|Any CPU.Build.0 = Release|Any CPU
		{90811C13-735B-4009-819F-8BC0EC04B103}.Ad-Hoc|iPhone.ActiveCfg = Release|Any CPU
		{90811C13-735B-4009-819F-8BC0EC04B103}.Ad-Hoc|iPhone.Build.0 = Release|Any CPU
		{90811C13-735B-4009-819F-8BC0EC04B103}.Ad-Hoc|iPhoneSimulator.ActiveCfg = Release|Any CPU
		{90811C13-735B-4009-819F-8BC0EC04B103}.Ad-Hoc|iPhoneSimulator.Build.0 = Release|Any CPU
		{90811C13-735B-4009-819F-8BC0EC04B103}.AppStore|Any CPU.ActiveCfg = Release|Any CPU
		{90811C13-735B-4009-819F-8BC0EC04B103}.AppStore|Any CPU.Build.0 = Release|Any CPU
		{90811C13-735B-4009-819F-8BC0EC04B103}.AppStore|iPhone.ActiveCfg = Release|Any CPU
		{90811C13-735B-4009-819F-8BC0EC04B103}.AppStore|iPhone.Build.0 = Release|Any CPU
		{90811C13-735B-4009-819F-8BC0EC04B103}.AppStore|iPhoneSimulator.ActiveCfg = Release|Any CPU
		{90811C13-735B-4009-819F-8BC0EC04B103}.AppStore|iPhoneSimulator.Build.0 = Release|Any CPU
		{90811C13-735B-4009-819F-8BC0EC04B103}.Debug|Any CPU.ActiveCfg = Debug|Any CPU
		{90811C13-735B-4009-819F-8BC0EC04B103}.Debug|Any CPU.Build.0 = Debug|Any CPU
		{90811C13-735B-4009-819F-8BC0EC04B103}.Debug|iPhone.ActiveCfg = Debug|Any CPU
		{90811C13-735B-4009-819F-8BC0EC04B103}.Debug|iPhone.Build.0 = Debug|Any CPU
		{90811C13-735B-4009-819F-8BC0EC04B103}.Debug|iPhoneSimulator.ActiveCfg = Debug|Any CPU
		{90811C13-735B-4009-819F-8BC0EC04B103}.Debug|iPhoneSimulator.Build.0 = Debug|Any CPU
		{90811C13-735B-4009-819F-8BC0EC04B103}.Release|Any CPU.ActiveCfg = Release|Any CPU
		{90811C13-735B-4009-819F-8BC0EC04B103}.Release|Any CPU.Build.0 = Release|Any CPU
		{90811C13-735B-4009-819F-8BC0EC04B103}.Release|iPhone.ActiveCfg = Release|Any CPU
		{90811C13-735B-4009-819F-8BC0EC04B103}.Release|iPhone.Build.0 = Release|Any CPU
		{90811C13-735B-4009-819F-8BC0EC04B103}.Release|iPhoneSimulator.ActiveCfg = Release|Any CPU
		{90811C13-735B-4009-819F-8BC0EC04B103}.Release|iPhoneSimulator.Build.0 = Release|Any CPU
		{97E1BF7B-E730-41F8-AAE5-C13EB1F26808}.Ad-Hoc|Any CPU.ActiveCfg = Release|Any CPU
		{97E1BF7B-E730-41F8-AAE5-C13EB1F26808}.Ad-Hoc|Any CPU.Build.0 = Release|Any CPU
		{97E1BF7B-E730-41F8-AAE5-C13EB1F26808}.Ad-Hoc|iPhone.ActiveCfg = Release|Any CPU
		{97E1BF7B-E730-41F8-AAE5-C13EB1F26808}.Ad-Hoc|iPhone.Build.0 = Release|Any CPU
		{97E1BF7B-E730-41F8-AAE5-C13EB1F26808}.Ad-Hoc|iPhoneSimulator.ActiveCfg = Release|Any CPU
		{97E1BF7B-E730-41F8-AAE5-C13EB1F26808}.Ad-Hoc|iPhoneSimulator.Build.0 = Release|Any CPU
		{97E1BF7B-E730-41F8-AAE5-C13EB1F26808}.AppStore|Any CPU.ActiveCfg = Release|Any CPU
		{97E1BF7B-E730-41F8-AAE5-C13EB1F26808}.AppStore|Any CPU.Build.0 = Release|Any CPU
		{97E1BF7B-E730-41F8-AAE5-C13EB1F26808}.AppStore|iPhone.ActiveCfg = Release|Any CPU
		{97E1BF7B-E730-41F8-AAE5-C13EB1F26808}.AppStore|iPhone.Build.0 = Release|Any CPU
		{97E1BF7B-E730-41F8-AAE5-C13EB1F26808}.AppStore|iPhoneSimulator.ActiveCfg = Release|Any CPU
		{97E1BF7B-E730-41F8-AAE5-C13EB1F26808}.AppStore|iPhoneSimulator.Build.0 = Release|Any CPU
		{97E1BF7B-E730-41F8-AAE5-C13EB1F26808}.Debug|Any CPU.ActiveCfg = Debug|Any CPU
		{97E1BF7B-E730-41F8-AAE5-C13EB1F26808}.Debug|Any CPU.Build.0 = Debug|Any CPU
		{97E1BF7B-E730-41F8-AAE5-C13EB1F26808}.Debug|iPhone.ActiveCfg = Debug|Any CPU
		{97E1BF7B-E730-41F8-AAE5-C13EB1F26808}.Debug|iPhone.Build.0 = Debug|Any CPU
		{97E1BF7B-E730-41F8-AAE5-C13EB1F26808}.Debug|iPhoneSimulator.ActiveCfg = Debug|Any CPU
		{97E1BF7B-E730-41F8-AAE5-C13EB1F26808}.Debug|iPhoneSimulator.Build.0 = Debug|Any CPU
		{97E1BF7B-E730-41F8-AAE5-C13EB1F26808}.Release|Any CPU.ActiveCfg = Release|Any CPU
		{97E1BF7B-E730-41F8-AAE5-C13EB1F26808}.Release|Any CPU.Build.0 = Release|Any CPU
		{97E1BF7B-E730-41F8-AAE5-C13EB1F26808}.Release|iPhone.ActiveCfg = Release|Any CPU
		{97E1BF7B-E730-41F8-AAE5-C13EB1F26808}.Release|iPhone.Build.0 = Release|Any CPU
		{97E1BF7B-E730-41F8-AAE5-C13EB1F26808}.Release|iPhoneSimulator.ActiveCfg = Release|Any CPU
		{97E1BF7B-E730-41F8-AAE5-C13EB1F26808}.Release|iPhoneSimulator.Build.0 = Release|Any CPU
		{176175FA-5655-4571-99B7-A9FE5E9CF5E7}.Ad-Hoc|Any CPU.ActiveCfg = Release|Any CPU
		{176175FA-5655-4571-99B7-A9FE5E9CF5E7}.Ad-Hoc|Any CPU.Build.0 = Release|Any CPU
		{176175FA-5655-4571-99B7-A9FE5E9CF5E7}.Ad-Hoc|iPhone.ActiveCfg = Release|Any CPU
		{176175FA-5655-4571-99B7-A9FE5E9CF5E7}.Ad-Hoc|iPhone.Build.0 = Release|Any CPU
		{176175FA-5655-4571-99B7-A9FE5E9CF5E7}.Ad-Hoc|iPhoneSimulator.ActiveCfg = Release|Any CPU
		{176175FA-5655-4571-99B7-A9FE5E9CF5E7}.Ad-Hoc|iPhoneSimulator.Build.0 = Release|Any CPU
		{176175FA-5655-4571-99B7-A9FE5E9CF5E7}.AppStore|Any CPU.ActiveCfg = Release|Any CPU
		{176175FA-5655-4571-99B7-A9FE5E9CF5E7}.AppStore|Any CPU.Build.0 = Release|Any CPU
		{176175FA-5655-4571-99B7-A9FE5E9CF5E7}.AppStore|iPhone.ActiveCfg = Release|Any CPU
		{176175FA-5655-4571-99B7-A9FE5E9CF5E7}.AppStore|iPhone.Build.0 = Release|Any CPU
		{176175FA-5655-4571-99B7-A9FE5E9CF5E7}.AppStore|iPhoneSimulator.ActiveCfg = Release|Any CPU
		{176175FA-5655-4571-99B7-A9FE5E9CF5E7}.AppStore|iPhoneSimulator.Build.0 = Release|Any CPU
		{176175FA-5655-4571-99B7-A9FE5E9CF5E7}.Debug|Any CPU.ActiveCfg = Debug|Any CPU
		{176175FA-5655-4571-99B7-A9FE5E9CF5E7}.Debug|Any CPU.Build.0 = Debug|Any CPU
		{176175FA-5655-4571-99B7-A9FE5E9CF5E7}.Debug|iPhone.ActiveCfg = Debug|Any CPU
		{176175FA-5655-4571-99B7-A9FE5E9CF5E7}.Debug|iPhone.Build.0 = Debug|Any CPU
		{176175FA-5655-4571-99B7-A9FE5E9CF5E7}.Debug|iPhoneSimulator.ActiveCfg = Debug|Any CPU
		{176175FA-5655-4571-99B7-A9FE5E9CF5E7}.Debug|iPhoneSimulator.Build.0 = Debug|Any CPU
		{176175FA-5655-4571-99B7-A9FE5E9CF5E7}.Release|Any CPU.ActiveCfg = Release|Any CPU
		{176175FA-5655-4571-99B7-A9FE5E9CF5E7}.Release|Any CPU.Build.0 = Release|Any CPU
		{176175FA-5655-4571-99B7-A9FE5E9CF5E7}.Release|iPhone.ActiveCfg = Release|Any CPU
		{176175FA-5655-4571-99B7-A9FE5E9CF5E7}.Release|iPhone.Build.0 = Release|Any CPU
		{176175FA-5655-4571-99B7-A9FE5E9CF5E7}.Release|iPhoneSimulator.ActiveCfg = Release|Any CPU
		{176175FA-5655-4571-99B7-A9FE5E9CF5E7}.Release|iPhoneSimulator.Build.0 = Release|Any CPU
		{489D81C4-462C-429F-A2C3-F5DC811A53B4}.Ad-Hoc|Any CPU.ActiveCfg = Release|Any CPU
		{489D81C4-462C-429F-A2C3-F5DC811A53B4}.Ad-Hoc|Any CPU.Build.0 = Release|Any CPU
		{489D81C4-462C-429F-A2C3-F5DC811A53B4}.Ad-Hoc|iPhone.ActiveCfg = Release|Any CPU
		{489D81C4-462C-429F-A2C3-F5DC811A53B4}.Ad-Hoc|iPhone.Build.0 = Release|Any CPU
		{489D81C4-462C-429F-A2C3-F5DC811A53B4}.Ad-Hoc|iPhoneSimulator.ActiveCfg = Release|Any CPU
		{489D81C4-462C-429F-A2C3-F5DC811A53B4}.Ad-Hoc|iPhoneSimulator.Build.0 = Release|Any CPU
		{489D81C4-462C-429F-A2C3-F5DC811A53B4}.AppStore|Any CPU.ActiveCfg = Release|Any CPU
		{489D81C4-462C-429F-A2C3-F5DC811A53B4}.AppStore|Any CPU.Build.0 = Release|Any CPU
		{489D81C4-462C-429F-A2C3-F5DC811A53B4}.AppStore|iPhone.ActiveCfg = Release|Any CPU
		{489D81C4-462C-429F-A2C3-F5DC811A53B4}.AppStore|iPhone.Build.0 = Release|Any CPU
		{489D81C4-462C-429F-A2C3-F5DC811A53B4}.AppStore|iPhoneSimulator.ActiveCfg = Release|Any CPU
		{489D81C4-462C-429F-A2C3-F5DC811A53B4}.AppStore|iPhoneSimulator.Build.0 = Release|Any CPU
		{489D81C4-462C-429F-A2C3-F5DC811A53B4}.Debug|Any CPU.ActiveCfg = Debug|Any CPU
		{489D81C4-462C-429F-A2C3-F5DC811A53B4}.Debug|Any CPU.Build.0 = Debug|Any CPU
		{489D81C4-462C-429F-A2C3-F5DC811A53B4}.Debug|iPhone.ActiveCfg = Debug|Any CPU
		{489D81C4-462C-429F-A2C3-F5DC811A53B4}.Debug|iPhone.Build.0 = Debug|Any CPU
		{489D81C4-462C-429F-A2C3-F5DC811A53B4}.Debug|iPhoneSimulator.ActiveCfg = Debug|Any CPU
		{489D81C4-462C-429F-A2C3-F5DC811A53B4}.Debug|iPhoneSimulator.Build.0 = Debug|Any CPU
		{489D81C4-462C-429F-A2C3-F5DC811A53B4}.Release|Any CPU.ActiveCfg = Release|Any CPU
		{489D81C4-462C-429F-A2C3-F5DC811A53B4}.Release|Any CPU.Build.0 = Release|Any CPU
		{489D81C4-462C-429F-A2C3-F5DC811A53B4}.Release|iPhone.ActiveCfg = Release|Any CPU
		{489D81C4-462C-429F-A2C3-F5DC811A53B4}.Release|iPhone.Build.0 = Release|Any CPU
		{489D81C4-462C-429F-A2C3-F5DC811A53B4}.Release|iPhoneSimulator.ActiveCfg = Release|Any CPU
		{489D81C4-462C-429F-A2C3-F5DC811A53B4}.Release|iPhoneSimulator.Build.0 = Release|Any CPU
	EndGlobalSection
	GlobalSection(SolutionProperties) = preSolution
		HideSolutionNode = FALSE
	EndGlobalSection
	GlobalSection(ExtensibilityGlobals) = postSolution
		SolutionGuid = {D5A3EFBC-BCAE-4133-B9F3-29824204EA7F}
	EndGlobalSection
EndGlobal
